
Microsoft Visual Studio Solution File, Format Version 12.00
# Visual Studio Version 17
VisualStudioVersion = 17.1.32228.430
MinimumVisualStudioVersion = 10.0.40219.1
Project("{FAE04EC0-301F-11D3-BF4B-00C04F79EFBC}") = "BlazorPlanerApp", "BlazorPlanerApp\BlazorPlanerApp.csproj", "{F8715CAE-D821-4B69-8F7A-E8D5898EFFB3}"
EndProject
Project("{FAE04EC0-301F-11D3-BF4B-00C04F79EFBC}") = "BlazorPlanerApp.Shared", "BlazorPlanerApp.Shared\BlazorPlanerApp.Shared.csproj", "{B26CD519-95E1-4916-83B8-D4C6215CB9C7}"
EndProject
Global
	GlobalSection(SolutionConfigurationPlatforms) = preSolution
		Debug|Any CPU = Debug|Any CPU
		Release|Any CPU = Release|Any CPU
	EndGlobalSection
	GlobalSection(ProjectConfigurationPlatforms) = postSolution
		{F8715CAE-D821-4B69-8F7A-E8D5898EFFB3}.Debug|Any CPU.ActiveCfg = Debug|Any CPU
		{F8715CAE-D821-4B69-8F7A-E8D5898EFFB3}.Debug|Any CPU.Build.0 = Debug|Any CPU
		{F8715CAE-D821-4B69-8F7A-E8D5898EFFB3}.Release|Any CPU.ActiveCfg = Release|Any CPU
		{F8715CAE-D821-4B69-8F7A-E8D5898EFFB3}.Release|Any CPU.Build.0 = Release|Any CPU
		{B26CD519-95E1-4916-83B8-D4C6215CB9C7}.Debug|Any CPU.ActiveCfg = Debug|Any CPU
		{B26CD519-95E1-4916-83B8-D4C6215CB9C7}.Debug|Any CPU.Build.0 = Debug|Any CPU
		{B26CD519-95E1-4916-83B8-D4C6215CB9C7}.Release|Any CPU.ActiveCfg = Release|Any CPU
		{B26CD519-95E1-4916-83B8-D4C6215CB9C7}.Release|Any CPU.Build.0 = Release|Any CPU
	EndGlobalSection
	GlobalSection(SolutionProperties) = preSolution
		HideSolutionNode = FALSE
	EndGlobalSection
	GlobalSection(ExtensibilityGlobals) = postSolution
		SolutionGuid = {6765B9FF-82D6-47E4-A723-72B1351C74BC}
	EndGlobalSection
EndGlobal
